Microsoft Visual Studio Solution File, Format Version 11.00
# Visual Studio 2010
Project("{FAE04EC0-301F-11D3-BF4B-00C04F79EFBC}") = "CustomLogoExample.Module", "CustomLogoExample.Module\CustomLogoExample.Module.csproj", "{60C11293-E6DE-4122-A573-0CF73EBCAA5C}"
EndProject
Project("{FAE04EC0-301F-11D3-BF4B-00C04F79EFBC}") = "CustomLogoExample.Web", "CustomLogoExample.Web\CustomLogoExample.Web.csproj", "{01040697-96EF-4C13-9833-55B2AEA09BC7}"
EndProject
Project("{FAE04EC0-301F-11D3-BF4B-00C04F79EFBC}") = "CustomLogoExample.Win", "CustomLogoExample.Win\CustomLogoExample.Win.csproj", "{5A668416-F50C-4E24-9611-D54489BA7BA1}"
EndProject
Global
	GlobalSection(SolutionConfigurationPlatforms) = preSolution
		Debug|Any CPU = Debug|Any CPU
		EasyTest|Any CPU = EasyTest|Any CPU
		Release|Any CPU = Release|Any CPU
	EndGlobalSection
	GlobalSection(ProjectConfigurationPlatforms) = postSolution
		{60C11293-E6DE-4122-A573-0CF73EBCAA5C}.Debug|Any CPU.ActiveCfg = Debug|Any CPU
		{60C11293-E6DE-4122-A573-0CF73EBCAA5C}.Debug|Any CPU.Build.0 = Debug|Any CPU
		{60C11293-E6DE-4122-A573-0CF73EBCAA5C}.EasyTest|Any CPU.ActiveCfg = EasyTest|Any CPU
		{60C11293-E6DE-4122-A573-0CF73EBCAA5C}.EasyTest|Any CPU.Build.0 = EasyTest|Any CPU
		{60C11293-E6DE-4122-A573-0CF73EBCAA5C}.Release|Any CPU.ActiveCfg = Release|Any CPU
		{60C11293-E6DE-4122-A573-0CF73EBCAA5C}.Release|Any CPU.Build.0 = Release|Any CPU
		{01040697-96EF-4C13-9833-55B2AEA09BC7}.Debug|Any CPU.ActiveCfg = Debug|Any CPU
		{01040697-96EF-4C13-9833-55B2AEA09BC7}.Debug|Any CPU.Build.0 = Debug|Any CPU
		{01040697-96EF-4C13-9833-55B2AEA09BC7}.EasyTest|Any CPU.ActiveCfg = EasyTest|Any CPU
		{01040697-96EF-4C13-9833-55B2AEA09BC7}.EasyTest|Any CPU.Build.0 = EasyTest|Any CPU
		{01040697-96EF-4C13-9833-55B2AEA09BC7}.Release|Any CPU.ActiveCfg = Release|Any CPU
		{01040697-96EF-4C13-9833-55B2AEA09BC7}.Release|Any CPU.Build.0 = Release|Any CPU
		{5A668416-F50C-4E24-9611-D54489BA7BA1}.Debug|Any CPU.ActiveCfg = Debug|Any CPU
		{5A668416-F50C-4E24-9611-D54489BA7BA1}.Debug|Any CPU.Build.0 = Debug|Any CPU
		{5A668416-F50C-4E24-9611-D54489BA7BA1}.EasyTest|Any CPU.ActiveCfg = EasyTest|Any CPU
		{5A668416-F50C-4E24-9611-D54489BA7BA1}.EasyTest|Any CPU.Build.0 = EasyTest|Any CPU
		{5A668416-F50C-4E24-9611-D54489BA7BA1}.Release|Any CPU.ActiveCfg = Release|Any CPU
		{5A668416-F50C-4E24-9611-D54489BA7BA1}.Release|Any CPU.Build.0 = Release|Any CPU
	EndGlobalSection
	GlobalSection(SolutionProperties) = preSolution
		HideSolutionNode = FALSE
	EndGlobalSection
EndGlobal
